
Microsoft Visual Studio Solution File, Format Version 12.00
# Visual Studio Version 17
VisualStudioVersion = 17.6.33723.286
MinimumVisualStudioVersion = 10.0.40219.1
Project("{FAE04EC0-301F-11D3-BF4B-00C04F79EFBC}") = "Btk_Akademi_Dersleri9_Dogrusal_Veri_Yapilari", "Btk_Akademi_Dersleri9_Dogrusal_Veri_Yapilari.csproj", "{EAC7B42B-BF08-40D1-BD6F-B24F1EE0AC90}"
EndProject
Global
	GlobalSection(SolutionConfigurationPlatforms) = preSolution
		Debug|Any CPU = Debug|Any CPU
		Release|Any CPU = Release|Any CPU
	EndGlobalSection
	GlobalSection(ProjectConfigurationPlatforms) = postSolution
		{EAC7B42B-BF08-40D1-BD6F-B24F1EE0AC90}.Debug|Any CPU.ActiveCfg = Debug|Any CPU
		{EAC7B42B-BF08-40D1-BD6F-B24F1EE0AC90}.Debug|Any CPU.Build.0 = Debug|Any CPU
		{EAC7B42B-BF08-40D1-BD6F-B24F1EE0AC90}.Release|Any CPU.ActiveCfg = Release|Any CPU
		{EAC7B42B-BF08-40D1-BD6F-B24F1EE0AC90}.Release|Any CPU.Build.0 = Release|Any CPU
	EndGlobalSection
	GlobalSection(SolutionProperties) = preSolution
		HideSolutionNode = FALSE
	EndGlobalSection
	GlobalSection(ExtensibilityGlobals) = postSolution
		SolutionGuid = {718C50EB-B826-4C95-B8C4-56BB8F95B474}
	EndGlobalSection
EndGlobal
